
Microsoft Visual Studio Solution File, Format Version 12.00
# Visual Studio Version 17
VisualStudioVersion = 17.5.002.0
MinimumVisualStudioVersion = 10.0.40219.1
Project("{9A19103F-16F7-4668-BE54-9A1E7A4F7556}") = "HelloWorld.Contracts", "HelloWorld.Contracts.csproj", "{40505DB5-03F3-474A-9148-ED0034A348D3}"
EndProject
Global
	GlobalSection(SolutionConfigurationPlatforms) = preSolution
		Debug|Any CPU = Debug|Any CPU
		Release|Any CPU = Release|Any CPU
	EndGlobalSection
	GlobalSection(ProjectConfigurationPlatforms) = postSolution
		{40505DB5-03F3-474A-9148-ED0034A348D3}.Debug|Any CPU.ActiveCfg = Debug|Any CPU
		{40505DB5-03F3-474A-9148-ED0034A348D3}.Debug|Any CPU.Build.0 = Debug|Any CPU
		{40505DB5-03F3-474A-9148-ED0034A348D3}.Release|Any CPU.ActiveCfg = Release|Any CPU
		{40505DB5-03F3-474A-9148-ED0034A348D3}.Release|Any CPU.Build.0 = Release|Any CPU
	EndGlobalSection
	GlobalSection(SolutionProperties) = preSolution
		HideSolutionNode = FALSE
	EndGlobalSection
	GlobalSection(ExtensibilityGlobals) = postSolution
		SolutionGuid = {EE0E3925-D3FE-44C8-A2F1-55DC3E450A55}
	EndGlobalSection
EndGlobal
